
Microsoft Visual Studio Solution File, Format Version 12.00
# Visual Studio 14
VisualStudioVersion = 14.0.25420.1
MinimumVisualStudioVersion = 10.0.40219.1
Project("{2150E333-8FDC-42A3-9474-1A3956D46DE8}") = "src", "src", "{7089D7EB-8671-4D0E-8834-3C40C320946A}"
EndProject
Project("{2150E333-8FDC-42A3-9474-1A3956D46DE8}") = "Solution Items", "Solution Items", "{ABF0D896-CA13-4AF2-9B20-80F5DA53B9FC}"
	ProjectSection(SolutionItems) = preProject
		global.json = global.json
	EndProjectSection
EndProject
Project("{8BB2217D-0F2D-49D1-97BC-3654ED321F3B}") = "coreapp1", "src\coreapp1\coreapp1.xproj", "{701A6355-44C5-4F9E-9F46-9A2FB4B2AA9B}"
EndProject
Global
	GlobalSection(SolutionConfigurationPlatforms) = preSolution
		Debug|Any CPU = Debug|Any CPU
		Release|Any CPU = Release|Any CPU
	EndGlobalSection
	GlobalSection(ProjectConfigurationPlatforms) = postSolution
		{701A6355-44C5-4F9E-9F46-9A2FB4B2AA9B}.Debug|Any CPU.ActiveCfg = Debug|Any CPU
		{701A6355-44C5-4F9E-9F46-9A2FB4B2AA9B}.Debug|Any CPU.Build.0 = Debug|Any CPU
		{701A6355-44C5-4F9E-9F46-9A2FB4B2AA9B}.Release|Any CPU.ActiveCfg = Release|Any CPU
		{701A6355-44C5-4F9E-9F46-9A2FB4B2AA9B}.Release|Any CPU.Build.0 = Release|Any CPU
	EndGlobalSection
	GlobalSection(SolutionProperties) = preSolution
		HideSolutionNode = FALSE
	EndGlobalSection
	GlobalSection(NestedProjects) = preSolution
		{701A6355-44C5-4F9E-9F46-9A2FB4B2AA9B} = {7089D7EB-8671-4D0E-8834-3C40C320946A}
	EndGlobalSection
EndGlobal
